// !$*UTF8*$!
{
	archiveVersion = 1;
	classes = {
	};
	objectVersion = 46;
	objects = {

/* Begin PBXBuildFile section */
		1A469CAC1DF0BE4A00CFB010 /* AddTaskViewController.swift in Sources */ = {isa = PBXBuildFile; fileRef = 1A469CAB1DF0BE4A00CFB010 /* AddTaskViewController.swift */; };
		1A469CAE1DF0BFCA00CFB010 /* DismissSegue.swift in Sources */ = {isa = PBXBuildFile; fileRef = 1A469CAD1DF0BFCA00CFB010 /* DismissSegue.swift */; };
		1A469CB21DF0C40000CFB010 /* TaskStore.swift in Sources */ = {isa = PBXBuildFile; fileRef = 1A469CB11DF0C40000CFB010 /* TaskStore.swift */; };
		1A469CB71DF18FFD00CFB010 /* TodoItem.swift in Sources */ = {isa = PBXBuildFile; fileRef = 1A469CB61DF18FFD00CFB010 /* TodoItem.swift */; };
		1A469CB91DF1900800CFB010 /* TodoList.swift in Sources */ = {isa = PBXBuildFile; fileRef = 1A469CB81DF1900800CFB010 /* TodoList.swift */; };
		1A469CBB1DF1907F00CFB010 /* TodoManager.swift in Sources */ = {isa = PBXBuildFile; fileRef = 1A469CBA1DF1907F00CFB010 /* TodoManager.swift */; };
		1A469CC21DF1BE8600CFB010 /* CustomCell.swift in Sources */ = {isa = PBXBuildFile; fileRef = 1A469CC11DF1BE8600CFB010 /* CustomCell.swift */; };
		1A469CC41DF1DA0900CFB010 /* AddItemViewController.swift in Sources */ = {isa = PBXBuildFile; fileRef = 1A469CC31DF1DA0900CFB010 /* AddItemViewController.swift */; };
		1A469CC61DF1EC5700CFB010 /* README.md in Sources */ = {isa = PBXBuildFile; fileRef = 1A469CC51DF1EC5700CFB010 /* README.md */; };
		1AD48A0F1DEC6114004B4CAA /* AppDelegate.swift in Sources */ = {isa = PBXBuildFile; fileRef = 1AD48A0E1DEC6114004B4CAA /* AppDelegate.swift */; };
		1AD48A111DEC6114004B4CAA /* MasterViewController.swift in Sources */ = {isa = PBXBuildFile; fileRef = 1AD48A101DEC6114004B4CAA /* MasterViewController.swift */; };
		1AD48A131DEC6114004B4CAA /* DetailViewController.swift in Sources */ = {isa = PBXBuildFile; fileRef = 1AD48A121DEC6114004B4CAA /* DetailViewController.swift */; };
		1AD48A161DEC6114004B4CAA /* Main.storyboard in Resources */ = {isa = PBXBuildFile; fileRef = 1AD48A141DEC6114004B4CAA /* Main.storyboard */; };
		1AD48A181DEC6114004B4CAA /* Assets.xcassets in Resources */ = {isa = PBXBuildFile; fileRef = 1AD48A171DEC6114004B4CAA /* Assets.xcassets */; };
		1AD48A1B1DEC6114004B4CAA /* LaunchScreen.storyboard in Resources */ = {isa = PBXBuildFile; fileRef = 1AD48A191DEC6114004B4CAA /* LaunchScreen.storyboard */; };
		1AD48AF01DEDB429004B4CAA /* SQLite.framework in Frameworks */ = {isa = PBXBuildFile; fileRef = 1AD48AE31DEDB41C004B4CAA /* SQLite.framework */; };
		1AD48AF21DEDBE74004B4CAA /* DatabaseHelper.swift in Sources */ = {isa = PBXBuildFile; fileRef = 1AD48AF11DEDBE74004B4CAA /* DatabaseHelper.swift */; };
/* End PBXBuildFile section */

/* Begin PBXContainerItemProxy section */
		1AD48AE21DEDB41C004B4CAA /* PBXContainerItemProxy */ = {
			isa = PBXContainerItemProxy;
			containerPortal = 1AD48AD81DEDB41B004B4CAA /* SQLite.xcodeproj */;
			proxyType = 2;
			remoteGlobalIDString = EE247AD31C3F04ED00AE3E12;
			remoteInfo = "SQLite iOS";
		};
		1AD48AE41DEDB41C004B4CAA /* PBXContainerItemProxy */ = {
			isa = PBXContainerItemProxy;
			containerPortal = 1AD48AD81DEDB41B004B4CAA /* SQLite.xcodeproj */;
			proxyType = 2;
			remoteGlobalIDString = EE247ADD1C3F04ED00AE3E12;
			remoteInfo = "SQLiteTests iOS";
		};
		1AD48AE61DEDB41C004B4CAA /* PBXContainerItemProxy */ = {
			isa = PBXContainerItemProxy;
			containerPortal = 1AD48AD81DEDB41B004B4CAA /* SQLite.xcodeproj */;
			proxyType = 2;
			remoteGlobalIDString = EE247B3C1C3F3ED000AE3E12;
			remoteInfo = "SQLite Mac";
		};
		1AD48AE81DEDB41C004B4CAA /* PBXContainerItemProxy */ = {
			isa = PBXContainerItemProxy;
			containerPortal = 1AD48AD81DEDB41B004B4CAA /* SQLite.xcodeproj */;
			proxyType = 2;
			remoteGlobalIDString = EE247B451C3F3ED000AE3E12;
			remoteInfo = "SQLiteTests Mac";
		};
		1AD48AEA1DEDB41C004B4CAA /* PBXContainerItemProxy */ = {
			isa = PBXContainerItemProxy;
			containerPortal = 1AD48AD81DEDB41B004B4CAA /* SQLite.xcodeproj */;
			proxyType = 2;
			remoteGlobalIDString = 03A65E5A1C6BB0F50062603F;
			remoteInfo = "SQLite tvOS";
		};
		1AD48AEC1DEDB41C004B4CAA /* PBXContainerItemProxy */ = {
			isa = PBXContainerItemProxy;
			containerPortal = 1AD48AD81DEDB41B004B4CAA /* SQLite.xcodeproj */;
			proxyType = 2;
			remoteGlobalIDString = 03A65E631C6BB0F60062603F;
			remoteInfo = "SQLiteTests tvOS";
		};
		1AD48AEE1DEDB41C004B4CAA /* PBXContainerItemProxy */ = {
			isa = PBXContainerItemProxy;
			containerPortal = 1AD48AD81DEDB41B004B4CAA /* SQLite.xcodeproj */;
			proxyType = 2;
			remoteGlobalIDString = A121AC451CA35C79005A31D1;
			remoteInfo = "SQLite watchOS";
		};
/* End PBXContainerItemProxy section */

/* Begin PBXFileReference section */
		1A469CAB1DF0BE4A00CFB010 /* AddTaskViewController.swift */ = {isa = PBXFileReference; fileEncoding = 4; lastKnownFileType = sourcecode.swift; path = AddTaskViewController.swift; sourceTree = "<group>"; };
		1A469CAD1DF0BFCA00CFB010 /* DismissSegue.swift */ = {isa = PBXFileReference; fileEncoding = 4; lastKnownFileType = sourcecode.swift; path = DismissSegue.swift; sourceTree = "<group>"; };
		1A469CB11DF0C40000CFB010 /* TaskStore.swift */ = {isa = PBXFileReference; fileEncoding = 4; lastKnownFileType = sourcecode.swift; path = TaskStore.swift; sourceTree = "<group>"; };
		1A469CB61DF18FFD00CFB010 /* TodoItem.swift */ = {isa = PBXFileReference; fileEncoding = 4; lastKnownFileType = sourcecode.swift; path = TodoItem.swift; sourceTree = "<group>"; };
		1A469CB81DF1900800CFB010 /* TodoList.swift */ = {isa = PBXFileReference; fileEncoding = 4; lastKnownFileType = sourcecode.swift; path = TodoList.swift; sourceTree = "<group>"; };
		1A469CBA1DF1907F00CFB010 /* TodoManager.swift */ = {isa = PBXFileReference; fileEncoding = 4; lastKnownFileType = sourcecode.swift; path = TodoManager.swift; sourceTree = "<group>"; };
		1A469CC11DF1BE8600CFB010 /* CustomCell.swift */ = {isa = PBXFileReference; fileEncoding = 4; lastKnownFileType = sourcecode.swift; path = CustomCell.swift; sourceTree = "<group>"; };
		1A469CC31DF1DA0900CFB010 /* AddItemViewController.swift */ = {isa = PBXFileReference; fileEncoding = 4; lastKnownFileType = sourcecode.swift; path = AddItemViewController.swift; sourceTree = "<group>"; };
		1A469CC51DF1EC5700CFB010 /* README.md */ = {isa = PBXFileReference; fileEncoding = 4; lastKnownFileType = net.daringfireball.markdown; path = README.md; sourceTree = SOURCE_ROOT; };
		1AD48A0B1DEC6114004B4CAA /* barbaraboeters-pset5.app */ = {isa = PBXFileReference; explicitFileType = wrapper.application; includeInIndex = 0; path = "barbaraboeters-pset5.app"; sourceTree = BUILT_PRODUCTS_DIR; };
		1AD48A0E1DEC6114004B4CAA /* AppDelegate.swift */ = {isa = PBXFileReference; lastKnownFileType = sourcecode.swift; path = AppDelegate.swift; sourceTree = "<group>"; };
		1AD48A101DEC6114004B4CAA /* MasterViewController.swift */ = {isa = PBXFileReference; lastKnownFileType = sourcecode.swift; path = MasterViewController.swift; sourceTree = "<group>"; };
		1AD48A121DEC6114004B4CAA /* DetailViewController.swift */ = {isa = PBXFileReference; lastKnownFileType = sourcecode.swift; path = DetailViewController.swift; sourceTree = "<group>"; };
		1AD48A151DEC6114004B4CAA /* Base */ = {isa = PBXFileReference; lastKnownFileType = file.storyboard; name = Base; path = Base.lproj/Main.storyboard; sourceTree = "<group>"; };
		1AD48A171DEC6114004B4CAA /* Assets.xcassets */ = {isa = PBXFileReference; lastKnownFileType = folder.assetcatalog; path = Assets.xcassets; sourceTree = "<group>"; };
		1AD48A1A1DEC6114004B4CAA /* Base */ = {isa = PBXFileReference; lastKnownFileType = file.storyboard; name = Base; path = Base.lproj/LaunchScreen.storyboard; sourceTree = "<group>"; };
		1AD48A1C1DEC6114004B4CAA /* Info.plist */ = {isa = PBXFileReference; lastKnownFileType = text.plist.xml; path = Info.plist; sourceTree = "<group>"; };
		1AD48AD81DEDB41B004B4CAA /* SQLite.xcodeproj */ = {isa = PBXFileReference; lastKnownFileType = "wrapper.pb-project"; name = SQLite.xcodeproj; path = "SQLite.swift-master/SQLite.xcodeproj"; sourceTree = "<group>"; };
		1AD48AF11DEDBE74004B4CAA /* DatabaseHelper.swift */ = {isa = PBXFileReference; fileEncoding = 4; lastKnownFileType = sourcecode.swift; path = DatabaseHelper.swift; sourceTree = "<group>"; };
/* End PBXFileReference section */

/* Begin PBXFrameworksBuildPhase section */
		1AD48A081DEC6114004B4CAA /* Frameworks */ = {
			isa = PBXFrameworksBuildPhase;
			buildActionMask = 2147483647;
			files = (
				1AD48AF01DEDB429004B4CAA /* SQLite.framework in Frameworks */,
			);
			runOnlyForDeploymentPostprocessing = 0;
		};
/* End PBXFrameworksBuildPhase section */

/* Begin PBXGroup section */
		1AD48A021DEC6114004B4CAA = {
			isa = PBXGroup;
			children = (
				1A469CC51DF1EC5700CFB010 /* README.md */,
				1AD48AD81DEDB41B004B4CAA /* SQLite.xcodeproj */,
				1AD48A0D1DEC6114004B4CAA /* barbaraboeters-pset5 */,
				1AD48A0C1DEC6114004B4CAA /* Products */,
			);
			sourceTree = "<group>";
		};
		1AD48A0C1DEC6114004B4CAA /* Products */ = {
			isa = PBXGroup;
			children = (
				1AD48A0B1DEC6114004B4CAA /* barbaraboeters-pset5.app */,
			);
			name = Products;
			sourceTree = "<group>";
		};
		1AD48A0D1DEC6114004B4CAA /* barbaraboeters-pset5 */ = {
			isa = PBXGroup;
			children = (
				1AD48A0E1DEC6114004B4CAA /* AppDelegate.swift */,
				1AD48A101DEC6114004B4CAA /* MasterViewController.swift */,
				1AD48A121DEC6114004B4CAA /* DetailViewController.swift */,
				1A469CC11DF1BE8600CFB010 /* CustomCell.swift */,
				1AD48A141DEC6114004B4CAA /* Main.storyboard */,
				1A469CC31DF1DA0900CFB010 /* AddItemViewController.swift */,
				1A469CAD1DF0BFCA00CFB010 /* DismissSegue.swift */,
				1A469CAB1DF0BE4A00CFB010 /* AddTaskViewController.swift */,
				1A469CBA1DF1907F00CFB010 /* TodoManager.swift */,
				1A469CB81DF1900800CFB010 /* TodoList.swift */,
				1A469CB61DF18FFD00CFB010 /* TodoItem.swift */,
				1AD48AF11DEDBE74004B4CAA /* DatabaseHelper.swift */,
				1AD48A171DEC6114004B4CAA /* Assets.xcassets */,
				1AD48A191DEC6114004B4CAA /* LaunchScreen.storyboard */,
				1AD48A1C1DEC6114004B4CAA /* Info.plist */,
				1A469CB11DF0C40000CFB010 /* TaskStore.swift */,
			);
			path = "barbaraboeters-pset5";
			sourceTree = "<group>";
		};
		1AD48AD91DEDB41B004B4CAA /* Products */ = {
			isa = PBXGroup;
			children = (
				1AD48AE31DEDB41C004B4CAA /* SQLite.framework */,
				1AD48AE51DEDB41C004B4CAA /* SQLiteTests iOS.xctest */,
				1AD48AE71DEDB41C004B4CAA /* SQLite.framework */,
				1AD48AE91DEDB41C004B4CAA /* SQLiteTests Mac.xctest */,
				1AD48AEB1DEDB41C004B4CAA /* SQLite.framework */,
				1AD48AED1DEDB41C004B4CAA /* SQLiteTests tvOS.xctest */,
				1AD48AEF1DEDB41C004B4CAA /* SQLite.framework */,
			);
			name = Products;
			sourceTree = "<group>";
		};
/* End PBXGroup section */

/* Begin PBXNativeTarget section */
		1AD48A0A1DEC6114004B4CAA /* barbaraboeters-pset5 */ = {
			isa = PBXNativeTarget;
			buildConfigurationList = 1AD48A1F1DEC6114004B4CAA /* Build configuration list for PBXNativeTarget "barbaraboeters-pset5" */;
			buildPhases = (
				1AD48A071DEC6114004B4CAA /* Sources */,
				1AD48A081DEC6114004B4CAA /* Frameworks */,
				1AD48A091DEC6114004B4CAA /* Resources */,
			);
			buildRules = (
			);
			dependencies = (
			);
			name = "barbaraboeters-pset5";
			productName = "barbaraboeters-pset5";
			productReference = 1AD48A0B1DEC6114004B4CAA /* barbaraboeters-pset5.app */;
			productType = "com.apple.product-type.application";
		};
/* End PBXNativeTarget section */

/* Begin PBXProject section */
		1AD48A031DEC6114004B4CAA /* Project object */ = {
			isa = PBXProject;
			attributes = {
				LastSwiftUpdateCheck = 0810;
				LastUpgradeCheck = 0810;
				ORGANIZATIONNAME = "Barbara Boeters";
				TargetAttributes = {
					1AD48A0A1DEC6114004B4CAA = {
						CreatedOnToolsVersion = 8.1;
						DevelopmentTeam = 62W6Z49ZST;
						ProvisioningStyle = Automatic;
					};
				};
			};
			buildConfigurationList = 1AD48A061DEC6114004B4CAA /* Build configuration list for PBXProject "barbaraboeters-pset5" */;
			compatibilityVersion = "Xcode 3.2";
			developmentRegion = English;
			hasScannedForEncodings = 0;
			knownRegions = (
				en,
				Base,
			);
			mainGroup = 1AD48A021DEC6114004B4CAA;
			productRefGroup = 1AD48A0C1DEC6114004B4CAA /* Products */;
			projectDirPath = "";
			projectReferences = (
				{
					ProductGroup = 1AD48AD91DEDB41B004B4CAA /* Products */;
					ProjectRef = 1AD48AD81DEDB41B004B4CAA /* SQLite.xcodeproj */;
				},
			);
			projectRoot = "";
			targets = (
				1AD48A0A1DEC6114004B4CAA /* barbaraboeters-pset5 */,
			);
		};
/* End PBXProject section */

/* Begin PBXReferenceProxy section */
		1AD48AE31DEDB41C004B4CAA /* SQLite.framework */ = {
			isa = PBXReferenceProxy;
			fileType = wrapper.framework;
			path = SQLite.framework;
			remoteRef = 1AD48AE21DEDB41C004B4CAA /* PBXContainerItemProxy */;
			sourceTree = BUILT_PRODUCTS_DIR;
		};
		1AD48AE51DEDB41C004B4CAA /* SQLiteTests iOS.xctest */ = {
			isa = PBXReferenceProxy;
			fileType = wrapper.cfbundle;
			path = "SQLiteTests iOS.xctest";
			remoteRef = 1AD48AE41DEDB41C004B4CAA /* PBXContainerItemProxy */;
			sourceTree = BUILT_PRODUCTS_DIR;
		};
		1AD48AE71DEDB41C004B4CAA /* SQLite.framework */ = {
			isa = PBXReferenceProxy;
			fileType = wrapper.framework;
			path = SQLite.framework;
			remoteRef = 1AD48AE61DEDB41C004B4CAA /* PBXContainerItemProxy */;
			sourceTree = BUILT_PRODUCTS_DIR;
		};
		1AD48AE91DEDB41C004B4CAA /* SQLiteTests Mac.xctest */ = {
			isa = PBXReferenceProxy;
			fileType = wrapper.cfbundle;
			path = "SQLiteTests Mac.xctest";
			remoteRef = 1AD48AE81DEDB41C004B4CAA /* PBXContainerItemProxy */;
			sourceTree = BUILT_PRODUCTS_DIR;
		};
		1AD48AEB1DEDB41C004B4CAA /* SQLite.framework */ = {
			isa = PBXReferenceProxy;
			fileType = wrapper.framework;
			path = SQLite.framework;
			remoteRef = 1AD48AEA1DEDB41C004B4CAA /* PBXContainerItemProxy */;
			sourceTree = BUILT_PRODUCTS_DIR;
		};
		1AD48AED1DEDB41C004B4CAA /* SQLiteTests tvOS.xctest */ = {
			isa = PBXReferenceProxy;
			fileType = wrapper.cfbundle;
			path = "SQLiteTests tvOS.xctest";
			remoteRef = 1AD48AEC1DEDB41C004B4CAA /* PBXContainerItemProxy */;
			sourceTree = BUILT_PRODUCTS_DIR;
		};
		1AD48AEF1DEDB41C004B4CAA /* SQLite.framework */ = {
			isa = PBXReferenceProxy;
			fileType = wrapper.framework;
			path = SQLite.framework;
			remoteRef = 1AD48AEE1DEDB41C004B4CAA /* PBXContainerItemProxy */;
			sourceTree = BUILT_PRODUCTS_DIR;
		};
/* End PBXReferenceProxy section */

/* Begin PBXResourcesBuildPhase section */
		1AD48A091DEC6114004B4CAA /* Resources */ = {
			isa = PBXResourcesBuildPhase;
			buildActionMask = 2147483647;
			files = (
				1AD48A1B1DEC6114004B4CAA /* LaunchScreen.storyboard in Resources */,
				1AD48A181DEC6114004B4CAA /* Assets.xcassets in Resources */,
				1AD48A161DEC6114004B4CAA /* Main.storyboard in Resources */,
			);
			runOnlyForDeploymentPostprocessing = 0;
		};
/* End PBXResourcesBuildPhase section */

/* Begin PBXSourcesBuildPhase section */
		1AD48A071DEC6114004B4CAA /* Sources */ = {
			isa = PBXSourcesBuildPhase;
			buildActionMask = 2147483647;
			files = (
				1A469CAC1DF0BE4A00CFB010 /* AddTaskViewController.swift in Sources */,
				1A469CB71DF18FFD00CFB010 /* TodoItem.swift in Sources */,
				1AD48A131DEC6114004B4CAA /* DetailViewController.swift in Sources */,
				1AD48AF21DEDBE74004B4CAA /* DatabaseHelper.swift in Sources */,
				1A469CC61DF1EC5700CFB010 /* README.md in Sources */,
				1A469CB91DF1900800CFB010 /* TodoList.swift in Sources */,
				1A469CC41DF1DA0900CFB010 /* AddItemViewController.swift in Sources */,
				1A469CB21DF0C40000CFB010 /* TaskStore.swift in Sources */,
				1AD48A111DEC6114004B4CAA /* MasterViewController.swift in Sources */,
				1A469CAE1DF0BFCA00CFB010 /* DismissSegue.swift in Sources */,
				1A469CBB1DF1907F00CFB010 /* TodoManager.swift in Sources */,
				1A469CC21DF1BE8600CFB010 /* CustomCell.swift in Sources */,
				1AD48A0F1DEC6114004B4CAA /* AppDelegate.swift in Sources */,
			);
			runOnlyForDeploymentPostprocessing = 0;
		};
/* End PBXSourcesBuildPhase section */

/* Begin PBXVariantGroup section */
		1AD48A141DEC6114004B4CAA /* Main.storyboard */ = {
			isa = PBXVariantGroup;
			children = (
				1AD48A151DEC6114004B4CAA /* Base */,
			);
			name = Main.storyboard;
			sourceTree = "<group>";
		};
		1AD48A191DEC6114004B4CAA /* LaunchScreen.storyboard */ = {
			isa = PBXVariantGroup;
			children = (
				1AD48A1A1DEC6114004B4CAA /* Base */,
			);
			name = LaunchScreen.storyboard;
			sourceTree = "<group>";
		};
/* End PBXVariantGroup section */

/* Begin XCBuildConfiguration section */
		1AD48A1D1DEC6114004B4CAA /* Debug */ = {
			isa = XCBuildConfiguration;
			buildSettings = {
				ALWAYS_SEARCH_USER_PATHS = NO;
				CLANG_ANALYZER_NONNULL = YES;
				CLANG_CXX_LANGUAGE_STANDARD = "gnu++0x";
				CLANG_CXX_LIBRARY = "libc++";
				CLANG_ENABLE_MODULES = YES;
				CLANG_ENABLE_OBJC_ARC = YES;
				CLANG_WARN_BOOL_CONVERSION = YES;
				CLANG_WARN_CONSTANT_CONVERSION = YES;
				CLANG_WARN_DIRECT_OBJC_ISA_USAGE = YES_ERROR;
				CLANG_WARN_DOCUMENTATION_COMMENTS = YES;
				CLANG_WARN_EMPTY_BODY = YES;
				CLANG_WARN_ENUM_CONVERSION = YES;
				CLANG_WARN_INFINITE_RECURSION = YES;
				CLANG_WARN_INT_CONVERSION = YES;
				CLANG_WARN_OBJC_ROOT_CLASS = YES_ERROR;
				CLANG_WARN_SUSPICIOUS_MOVES = YES;
				CLANG_WARN_UNREACHABLE_CODE = YES;
				CLANG_WARN__DUPLICATE_METHOD_MATCH = YES;
				"CODE_SIGN_IDENTITY[sdk=iphoneos*]" = "iPhone Developer";
				COPY_PHASE_STRIP = NO;
				DEBUG_INFORMATION_FORMAT = dwarf;
				ENABLE_STRICT_OBJC_MSGSEND = YES;
				ENABLE_TESTABILITY = YES;
				GCC_C_LANGUAGE_STANDARD = gnu99;
				GCC_DYNAMIC_NO_PIC = NO;
				GCC_NO_COMMON_BLOCKS = YES;
				GCC_OPTIMIZATION_LEVEL = 0;
				GCC_PREPROCESSOR_DEFINITIONS = (
					"DEBUG=1",
					"$(inherited)",
				);
				GCC_WARN_64_TO_32_BIT_CONVERSION = YES;
				GCC_WARN_ABOUT_RETURN_TYPE = YES_ERROR;
				GCC_WARN_UNDECLARED_SELECTOR = YES;
				GCC_WARN_UNINITIALIZED_AUTOS = YES_AGGRESSIVE;
				GCC_WARN_UNUSED_FUNCTION = YES;
				GCC_WARN_UNUSED_VARIABLE = YES;
				IPHONEOS_DEPLOYMENT_TARGET = 10.1;
				MTL_ENABLE_DEBUG_INFO = YES;
				ONLY_ACTIVE_ARCH = YES;
				SDKROOT = iphoneos;
				SWIFT_ACTIVE_COMPILATION_CONDITIONS = DEBUG;
				SWIFT_OPTIMIZATION_LEVEL = "-Onone";
				TARGETED_DEVICE_FAMILY = "1,2";
			};
			name = Debug;
		};
		1AD48A1E1DEC6114004B4CAA /* Release */ = {
			isa = XCBuildConfiguration;
			buildSettings = {
				ALWAYS_SEARCH_USER_PATHS = NO;
				CLANG_ANALYZER_NONNULL = YES;
				CLANG_CXX_LANGUAGE_STANDARD = "gnu++0x";
				CLANG_CXX_LIBRARY = "libc++";
				CLANG_ENABLE_MODULES = YES;
				CLANG_ENABLE_OBJC_ARC = YES;
				CLANG_WARN_BOOL_CONVERSION = YES;
				CLANG_WARN_CONSTANT_CONVERSION = YES;
				CLANG_WARN_DIRECT_OBJC_ISA_USAGE = YES_ERROR;
				CLANG_WARN_DOCUMENTATION_COMMENTS = YES;
				CLANG_WARN_EMPTY_BODY = YES;
				CLANG_WARN_ENUM_CONVERSION = YES;
				CLANG_WARN_INFINITE_RECURSION = YES;
				CLANG_WARN_INT_CONVERSION = YES;
				CLANG_WARN_OBJC_ROOT_CLASS = YES_ERROR;
				CLANG_WARN_SUSPICIOUS_MOVES = YES;
				CLANG_WARN_UNREACHABLE_CODE = YES;
				CLANG_WARN__DUPLICATE_METHOD_MATCH = YES;
				"CODE_SIGN_IDENTITY[sdk=iphoneos*]" = "iPhone Developer";
				COPY_PHASE_STRIP = NO;
				DEBUG_INFORMATION_FORMAT = "dwarf-with-dsym";
				ENABLE_NS_ASSERTIONS = NO;
				ENABLE_STRICT_OBJC_MSGSEND = YES;
				GCC_C_LANGUAGE_STANDARD = gnu99;
				GCC_NO_COMMON_BLOCKS = YES;
				GCC_WARN_64_TO_32_BIT_CONVERSION = YES;
				GCC_WARN_ABOUT_RETURN_TYPE = YES_ERROR;
				GCC_WARN_UNDECLARED_SELECTOR = YES;
				GCC_WARN_UNINITIALIZED_AUTOS = YES_AGGRESSIVE;
				GCC_WARN_UNUSED_FUNCTION = YES;
				GCC_WARN_UNUSED_VARIABLE = YES;
				IPHONEOS_DEPLOYMENT_TARGET = 10.1;
				MTL_ENABLE_DEBUG_INFO = NO;
				SDKROOT = iphoneos;
				SWIFT_OPTIMIZATION_LEVEL = "-Owholemodule";
				TARGETED_DEVICE_FAMILY = "1,2";
				VALIDATE_PRODUCT = YES;
			};
			name = Release;
		};
		1AD48A201DEC6114004B4CAA /* Debug */ = {
			isa = XCBuildConfiguration;
			buildSettings = {
				ASSETCATALOG_COMPILER_APPICON_NAME = AppIcon;
				DEVELOPMENT_TEAM = 62W6Z49ZST;
				INFOPLIST_FILE = "barbaraboeters-pset5/Info.plist";
				LD_RUNPATH_SEARCH_PATHS = "$(inherited) @executable_path/Frameworks";
				PRODUCT_BUNDLE_IDENTIFIER = "m.prog.barbaraboeters-pset5";
				PRODUCT_NAME = "$(TARGET_NAME)";
				SWIFT_VERSION = 3.0;
			};
			name = Debug;
		};
		1AD48A211DEC6114004B4CAA /* Release */ = {
			isa = XCBuildConfiguration;
			buildSettings = {
				ASSETCATALOG_COMPILER_APPICON_NAME = AppIcon;
				DEVELOPMENT_TEAM = 62W6Z49ZST;
				INFOPLIST_FILE = "barbaraboeters-pset5/Info.plist";
				LD_RUNPATH_SEARCH_PATHS = "$(inherited) @executable_path/Frameworks";
				PRODUCT_BUNDLE_IDENTIFIER = "m.prog.barbaraboeters-pset5";
				PRODUCT_NAME = "$(TARGET_NAME)";
				SWIFT_VERSION = 3.0;
			};
			name = Release;
		};
/* End XCBuildConfiguration section */

/* Begin XCConfigurationList section */
		1AD48A061DEC6114004B4CAA /* Build configuration list for PBXProject "barbaraboeters-pset5" */ = {
			isa = XCConfigurationList;
			buildConfigurations = (
				1AD48A1D1DEC6114004B4CAA /* Debug */,
				1AD48A1E1DEC6114004B4CAA /* Release */,
			);
			defaultConfigurationIsVisible = 0;
			defaultConfigurationName = Release;
		};
		1AD48A1F1DEC6114004B4CAA /* Build configuration list for PBXNativeTarget "barbaraboeters-pset5" */ = {
			isa = XCConfigurationList;
			buildConfigurations = (
				1AD48A201DEC6114004B4CAA /* Debug */,
				1AD48A211DEC6114004B4CAA /* Release */,
			);
			defaultConfigurationIsVisible = 0;
			defaultConfigurationName = Release;
		};
/* End XCConfigurationList section */
	};
	rootObject = 1AD48A031DEC6114004B4CAA /* Project object */;
}
